// !$*UTF8*$!
{
	archiveVersion = 1;
	classes = {
	};
	objectVersion = 50;
	objects = {

/* Begin PBXBuildFile section */
		9B9D8C7B22D61C2000BB99D5 /* AppDelegate.swift in Sources */ = {isa = PBXBuildFile; fileRef = 9B9D8C7A22D61C2000BB99D5 /* AppDelegate.swift */; };
		9B9D8C7D22D61C2000BB99D5 /* ViewController.swift in Sources */ = {isa = PBXBuildFile; fileRef = 9B9D8C7C22D61C2000BB99D5 /* ViewController.swift */; };
		9B9D8C8022D61C2000BB99D5 /* Main.storyboard in Resources */ = {isa = PBXBuildFile; fileRef = 9B9D8C7E22D61C2000BB99D5 /* Main.storyboard */; };
		9B9D8C8222D61C2200BB99D5 /* Assets.xcassets in Resources */ = {isa = PBXBuildFile; fileRef = 9B9D8C8122D61C2200BB99D5 /* Assets.xcassets */; };
		9B9D8C8522D61C2200BB99D5 /* LaunchScreen.storyboard in Resources */ = {isa = PBXBuildFile; fileRef = 9B9D8C8322D61C2200BB99D5 /* LaunchScreen.storyboard */; };
		9B9D8C8A22D61C2200BB99D5 /* SequenceGame WatchKit App.app in Embed Watch Content */ = {isa = PBXBuildFile; fileRef = 9B9D8C8922D61C2200BB99D5 /* SequenceGame WatchKit App.app */; };
		9B9D8C9022D61C2200BB99D5 /* Interface.storyboard in Resources */ = {isa = PBXBuildFile; fileRef = 9B9D8C8E22D61C2200BB99D5 /* Interface.storyboard */; };
		9B9D8C9222D61C2200BB99D5 /* Assets.xcassets in Resources */ = {isa = PBXBuildFile; fileRef = 9B9D8C9122D61C2200BB99D5 /* Assets.xcassets */; };
		9B9D8C9922D61C2200BB99D5 /* SequenceGame WatchKit Extension.appex in Embed App Extensions */ = {isa = PBXBuildFile; fileRef = 9B9D8C9822D61C2200BB99D5 /* SequenceGame WatchKit Extension.appex */; settings = {ATTRIBUTES = (RemoveHeadersOnCopy, ); }; };
		9B9D8C9E22D61C2200BB99D5 /* InterfaceController.swift in Sources */ = {isa = PBXBuildFile; fileRef = 9B9D8C9D22D61C2200BB99D5 /* InterfaceController.swift */; };
		9B9D8CA022D61C2200BB99D5 /* ExtensionDelegate.swift in Sources */ = {isa = PBXBuildFile; fileRef = 9B9D8C9F22D61C2200BB99D5 /* ExtensionDelegate.swift */; };
		9B9D8CA222D61C2300BB99D5 /* Assets.xcassets in Resources */ = {isa = PBXBuildFile; fileRef = 9B9D8CA122D61C2300BB99D5 /* Assets.xcassets */; };
		9B9D8CB422D6534500BB99D5 /* EnterNameInterfaceController.swift in Sources */ = {isa = PBXBuildFile; fileRef = 9B9D8CB322D6534500BB99D5 /* EnterNameInterfaceController.swift */; };
/* End PBXBuildFile section */

/* Begin PBXContainerItemProxy section */
		9B9D8C8B22D61C2200BB99D5 /* PBXContainerItemProxy */ = {
			isa = PBXContainerItemProxy;
			containerPortal = 9B9D8C6F22D61C2000BB99D5 /* Project object */;
			proxyType = 1;
			remoteGlobalIDString = 9B9D8C8822D61C2200BB99D5;
			remoteInfo = "SequenceGame WatchKit App";
		};
		9B9D8C9A22D61C2200BB99D5 /* PBXContainerItemProxy */ = {
			isa = PBXContainerItemProxy;
			containerPortal = 9B9D8C6F22D61C2000BB99D5 /* Project object */;
			proxyType = 1;
			remoteGlobalIDString = 9B9D8C9722D61C2200BB99D5;
			remoteInfo = "SequenceGame WatchKit Extension";
		};
/* End PBXContainerItemProxy section */

/* Begin PBXCopyFilesBuildPhase section */
		9B9D8CA922D61C2300BB99D5 /* Embed App Extensions */ = {
			isa = PBXCopyFilesBuildPhase;
			buildActionMask = 2147483647;
			dstPath = "";
			dstSubfolderSpec = 13;
			files = (
				9B9D8C9922D61C2200BB99D5 /* SequenceGame WatchKit Extension.appex in Embed App Extensions */,
			);
			name = "Embed App Extensions";
			runOnlyForDeploymentPostprocessing = 0;
		};
		9B9D8CAD22D61C2300BB99D5 /* Embed Watch Content */ = {
			isa = PBXCopyFilesBuildPhase;
			buildActionMask = 2147483647;
			dstPath = "$(CONTENTS_FOLDER_PATH)/Watch";
			dstSubfolderSpec = 16;
			files = (
				9B9D8C8A22D61C2200BB99D5 /* SequenceGame WatchKit App.app in Embed Watch Content */,
			);
			name = "Embed Watch Content";
			runOnlyForDeploymentPostprocessing = 0;
		};
/* End PBXCopyFilesBuildPhase section */

/* Begin PBXFileReference section */
		9B9D8C7722D61C2000BB99D5 /* SequenceGame.app */ = {isa = PBXFileReference; explicitFileType = wrapper.application; includeInIndex = 0; path = SequenceGame.app; sourceTree = BUILT_PRODUCTS_DIR; };
		9B9D8C7A22D61C2000BB99D5 /* AppDelegate.swift */ = {isa = PBXFileReference; lastKnownFileType = sourcecode.swift; path = AppDelegate.swift; sourceTree = "<group>"; };
		9B9D8C7C22D61C2000BB99D5 /* ViewController.swift */ = {isa = PBXFileReference; lastKnownFileType = sourcecode.swift; path = ViewController.swift; sourceTree = "<group>"; };
		9B9D8C7F22D61C2000BB99D5 /* Base */ = {isa = PBXFileReference; lastKnownFileType = file.storyboard; name = Base; path = Base.lproj/Main.storyboard; sourceTree = "<group>"; };
		9B9D8C8122D61C2200BB99D5 /* Assets.xcassets */ = {isa = PBXFileReference; lastKnownFileType = folder.assetcatalog; path = Assets.xcassets; sourceTree = "<group>"; };
		9B9D8C8422D61C2200BB99D5 /* Base */ = {isa = PBXFileReference; lastKnownFileType = file.storyboard; name = Base; path = Base.lproj/LaunchScreen.storyboard; sourceTree = "<group>"; };
		9B9D8C8622D61C2200BB99D5 /* Info.plist */ = {isa = PBXFileReference; lastKnownFileType = text.plist.xml; path = Info.plist; sourceTree = "<group>"; };
		9B9D8C8922D61C2200BB99D5 /* SequenceGame WatchKit App.app */ = {isa = PBXFileReference; explicitFileType = wrapper.application; includeInIndex = 0; path = "SequenceGame WatchKit App.app"; sourceTree = BUILT_PRODUCTS_DIR; };
		9B9D8C8F22D61C2200BB99D5 /* Base */ = {isa = PBXFileReference; lastKnownFileType = file.storyboard; name = Base; path = Base.lproj/Interface.storyboard; sourceTree = "<group>"; };
		9B9D8C9122D61C2200BB99D5 /* Assets.xcassets */ = {isa = PBXFileReference; lastKnownFileType = folder.assetcatalog; path = Assets.xcassets; sourceTree = "<group>"; };
		9B9D8C9322D61C2200BB99D5 /* Info.plist */ = {isa = PBXFileReference; lastKnownFileType = text.plist.xml; path = Info.plist; sourceTree = "<group>"; };
		9B9D8C9822D61C2200BB99D5 /* SequenceGame WatchKit Extension.appex */ = {isa = PBXFileReference; explicitFileType = "wrapper.app-extension"; includeInIndex = 0; path = "SequenceGame WatchKit Extension.appex"; sourceTree = BUILT_PRODUCTS_DIR; };
		9B9D8C9D22D61C2200BB99D5 /* InterfaceController.swift */ = {isa = PBXFileReference; lastKnownFileType = sourcecode.swift; path = InterfaceController.swift; sourceTree = "<group>"; };
		9B9D8C9F22D61C2200BB99D5 /* ExtensionDelegate.swift */ = {isa = PBXFileReference; lastKnownFileType = sourcecode.swift; path = ExtensionDelegate.swift; sourceTree = "<group>"; };
		9B9D8CA122D61C2300BB99D5 /* Assets.xcassets */ = {isa = PBXFileReference; lastKnownFileType = folder.assetcatalog; path = Assets.xcassets; sourceTree = "<group>"; };
		9B9D8CA322D61C2300BB99D5 /* Info.plist */ = {isa = PBXFileReference; lastKnownFileType = text.plist.xml; path = Info.plist; sourceTree = "<group>"; };
		9B9D8CB322D6534500BB99D5 /* EnterNameInterfaceController.swift */ = {isa = PBXFileReference; lastKnownFileType = sourcecode.swift; path = EnterNameInterfaceController.swift; sourceTree = "<group>"; };
/* End PBXFileReference section */

/* Begin PBXFrameworksBuildPhase section */
		9B9D8C7422D61C2000BB99D5 /* Frameworks */ = {
			isa = PBXFrameworksBuildPhase;
			buildActionMask = 2147483647;
			files = (
			);
			runOnlyForDeploymentPostprocessing = 0;
		};
		9B9D8C9522D61C2200BB99D5 /* Frameworks */ = {
			isa = PBXFrameworksBuildPhase;
			buildActionMask = 2147483647;
			files = (
			);
			runOnlyForDeploymentPostprocessing = 0;
		};
/* End PBXFrameworksBuildPhase section */

/* Begin PBXGroup section */
		9B9D8C6E22D61C2000BB99D5 = {
			isa = PBXGroup;
			children = (
				9B9D8C7922D61C2000BB99D5 /* SequenceGame */,
				9B9D8C8D22D61C2200BB99D5 /* SequenceGame WatchKit App */,
				9B9D8C9C22D61C2200BB99D5 /* SequenceGame WatchKit Extension */,
				9B9D8C7822D61C2000BB99D5 /* Products */,
			);
			sourceTree = "<group>";
		};
		9B9D8C7822D61C2000BB99D5 /* Products */ = {
			isa = PBXGroup;
			children = (
				9B9D8C7722D61C2000BB99D5 /* SequenceGame.app */,
				9B9D8C8922D61C2200BB99D5 /* SequenceGame WatchKit App.app */,
				9B9D8C9822D61C2200BB99D5 /* SequenceGame WatchKit Extension.appex */,
			);
			name = Products;
			sourceTree = "<group>";
		};
		9B9D8C7922D61C2000BB99D5 /* SequenceGame */ = {
			isa = PBXGroup;
			children = (
				9B9D8C7A22D61C2000BB99D5 /* AppDelegate.swift */,
				9B9D8C7C22D61C2000BB99D5 /* ViewController.swift */,
				9B9D8C7E22D61C2000BB99D5 /* Main.storyboard */,
				9B9D8C8122D61C2200BB99D5 /* Assets.xcassets */,
				9B9D8C8322D61C2200BB99D5 /* LaunchScreen.storyboard */,
				9B9D8C8622D61C2200BB99D5 /* Info.plist */,
			);
			path = SequenceGame;
			sourceTree = "<group>";
		};
		9B9D8C8D22D61C2200BB99D5 /* SequenceGame WatchKit App */ = {
			isa = PBXGroup;
			children = (
				9B9D8C8E22D61C2200BB99D5 /* Interface.storyboard */,
				9B9D8C9122D61C2200BB99D5 /* Assets.xcassets */,
				9B9D8C9322D61C2200BB99D5 /* Info.plist */,
			);
			path = "SequenceGame WatchKit App";
			sourceTree = "<group>";
		};
		9B9D8C9C22D61C2200BB99D5 /* SequenceGame WatchKit Extension */ = {
			isa = PBXGroup;
			children = (
				9B9D8C9D22D61C2200BB99D5 /* InterfaceController.swift */,
				9B9D8C9F22D61C2200BB99D5 /* ExtensionDelegate.swift */,
				9B9D8CA122D61C2300BB99D5 /* Assets.xcassets */,
				9B9D8CA322D61C2300BB99D5 /* Info.plist */,
				9B9D8CB322D6534500BB99D5 /* EnterNameInterfaceController.swift */,
			);
			path = "SequenceGame WatchKit Extension";
			sourceTree = "<group>";
		};
/* End PBXGroup section */

/* Begin PBXNativeTarget section */
		9B9D8C7622D61C2000BB99D5 /* SequenceGame */ = {
			isa = PBXNativeTarget;
			buildConfigurationList = 9B9D8CAE22D61C2300BB99D5 /* Build configuration list for PBXNativeTarget "SequenceGame" */;
			buildPhases = (
				9B9D8C7322D61C2000BB99D5 /* Sources */,
				9B9D8C7422D61C2000BB99D5 /* Frameworks */,
				9B9D8C7522D61C2000BB99D5 /* Resources */,
				9B9D8CAD22D61C2300BB99D5 /* Embed Watch Content */,
			);
			buildRules = (
			);
			dependencies = (
				9B9D8C8C22D61C2200BB99D5 /* PBXTargetDependency */,
			);
			name = SequenceGame;
			productName = SequenceGame;
			productReference = 9B9D8C7722D61C2000BB99D5 /* SequenceGame.app */;
			productType = "com.apple.product-type.application";
		};
		9B9D8C8822D61C2200BB99D5 /* SequenceGame WatchKit App */ = {
			isa = PBXNativeTarget;
			buildConfigurationList = 9B9D8CAA22D61C2300BB99D5 /* Build configuration list for PBXNativeTarget "SequenceGame WatchKit App" */;
			buildPhases = (
				9B9D8C8722D61C2200BB99D5 /* Resources */,
				9B9D8CA922D61C2300BB99D5 /* Embed App Extensions */,
			);
			buildRules = (
			);
			dependencies = (
				9B9D8C9B22D61C2200BB99D5 /* PBXTargetDependency */,
			);
			name = "SequenceGame WatchKit App";
			productName = "SequenceGame WatchKit App";
			productReference = 9B9D8C8922D61C2200BB99D5 /* SequenceGame WatchKit App.app */;
			productType = "com.apple.product-type.application.watchapp2";
		};
		9B9D8C9722D61C2200BB99D5 /* SequenceGame WatchKit Extension */ = {
			isa = PBXNativeTarget;
			buildConfigurationList = 9B9D8CA622D61C2300BB99D5 /* Build configuration list for PBXNativeTarget "SequenceGame WatchKit Extension" */;
			buildPhases = (
				9B9D8C9422D61C2200BB99D5 /* Sources */,
				9B9D8C9522D61C2200BB99D5 /* Frameworks */,
				9B9D8C9622D61C2200BB99D5 /* Resources */,
			);
			buildRules = (
			);
			dependencies = (
			);
			name = "SequenceGame WatchKit Extension";
			productName = "SequenceGame WatchKit Extension";
			productReference = 9B9D8C9822D61C2200BB99D5 /* SequenceGame WatchKit Extension.appex */;
			productType = "com.apple.product-type.watchkit2-extension";
		};
/* End PBXNativeTarget section */

/* Begin PBXProject section */
		9B9D8C6F22D61C2000BB99D5 /* Project object */ = {
			isa = PBXProject;
			attributes = {
				LastSwiftUpdateCheck = 1020;
				LastUpgradeCheck = 1020;
				ORGANIZATIONNAME = MacStudent;
				TargetAttributes = {
					9B9D8C7622D61C2000BB99D5 = {
						CreatedOnToolsVersion = 10.2.1;
					};
					9B9D8C8822D61C2200BB99D5 = {
						CreatedOnToolsVersion = 10.2.1;
					};
					9B9D8C9722D61C2200BB99D5 = {
						CreatedOnToolsVersion = 10.2.1;
					};
				};
			};
			buildConfigurationList = 9B9D8C7222D61C2000BB99D5 /* Build configuration list for PBXProject "SequenceGame" */;
			compatibilityVersion = "Xcode 9.3";
			developmentRegion = en;
			hasScannedForEncodings = 0;
			knownRegions = (
				en,
				Base,
			);
			mainGroup = 9B9D8C6E22D61C2000BB99D5;
			productRefGroup = 9B9D8C7822D61C2000BB99D5 /* Products */;
			projectDirPath = "";
			projectRoot = "";
			targets = (
				9B9D8C7622D61C2000BB99D5 /* SequenceGame */,
				9B9D8C8822D61C2200BB99D5 /* SequenceGame WatchKit App */,
				9B9D8C9722D61C2200BB99D5 /* SequenceGame WatchKit Extension */,
			);
		};
/* End PBXProject section */

/* Begin PBXResourcesBuildPhase section */
		9B9D8C7522D61C2000BB99D5 /* Resources */ = {
			isa = PBXResourcesBuildPhase;
			buildActionMask = 2147483647;
			files = (
				9B9D8C8522D61C2200BB99D5 /* LaunchScreen.storyboard in Resources */,
				9B9D8C8222D61C2200BB99D5 /* Assets.xcassets in Resources */,
				9B9D8C8022D61C2000BB99D5 /* Main.storyboard in Resources */,
			);
			runOnlyForDeploymentPostprocessing = 0;
		};
		9B9D8C8722D61C2200BB99D5 /* Resources */ = {
			isa = PBXResourcesBuildPhase;
			buildActionMask = 2147483647;
			files = (
				9B9D8C9222D61C2200BB99D5 /* Assets.xcassets in Resources */,
				9B9D8C9022D61C2200BB99D5 /* Interface.storyboard in Resources */,
			);
			runOnlyForDeploymentPostprocessing = 0;
		};
		9B9D8C9622D61C2200BB99D5 /* Resources */ = {
			isa = PBXResourcesBuildPhase;
			buildActionMask = 2147483647;
			files = (
				9B9D8CA222D61C2300BB99D5 /* Assets.xcassets in Resources */,
			);
			runOnlyForDeploymentPostprocessing = 0;
		};
/* End PBXResourcesBuildPhase section */

/* Begin PBXSourcesBuildPhase section */
		9B9D8C7322D61C2000BB99D5 /* Sources */ = {
			isa = PBXSourcesBuildPhase;
			buildActionMask = 2147483647;
			files = (
				9B9D8C7D22D61C2000BB99D5 /* ViewController.swift in Sources */,
				9B9D8C7B22D61C2000BB99D5 /* AppDelegate.swift in Sources */,
			);
			runOnlyForDeploymentPostprocessing = 0;
		};
		9B9D8C9422D61C2200BB99D5 /* Sources */ = {
			isa = PBXSourcesBuildPhase;
			buildActionMask = 2147483647;
			files = (
				9B9D8CA022D61C2200BB99D5 /* ExtensionDelegate.swift in Sources */,
				9B9D8CB422D6534500BB99D5 /* EnterNameInterfaceController.swift in Sources */,
				9B9D8C9E22D61C2200BB99D5 /* InterfaceController.swift in Sources */,
			);
			runOnlyForDeploymentPostprocessing = 0;
		};
/* End PBXSourcesBuildPhase section */

/* Begin PBXTargetDependency section */
		9B9D8C8C22D61C2200BB99D5 /* PBXTargetDependency */ = {
			isa = PBXTargetDependency;
			target = 9B9D8C8822D61C2200BB99D5 /* SequenceGame WatchKit App */;
			targetProxy = 9B9D8C8B22D61C2200BB99D5 /* PBXContainerItemProxy */;
		};
		9B9D8C9B22D61C2200BB99D5 /* PBXTargetDependency */ = {
			isa = PBXTargetDependency;
			target = 9B9D8C9722D61C2200BB99D5 /* SequenceGame WatchKit Extension */;
			targetProxy = 9B9D8C9A22D61C2200BB99D5 /* PBXContainerItemProxy */;
		};
/* End PBXTargetDependency section */

/* Begin PBXVariantGroup section */
		9B9D8C7E22D61C2000BB99D5 /* Main.storyboard */ = {
			isa = PBXVariantGroup;
			children = (
				9B9D8C7F22D61C2000BB99D5 /* Base */,
			);
			name = Main.storyboard;
			sourceTree = "<group>";
		};
		9B9D8C8322D61C2200BB99D5 /* LaunchScreen.storyboard */ = {
			isa = PBXVariantGroup;
			children = (
				9B9D8C8422D61C2200BB99D5 /* Base */,
			);
			name = LaunchScreen.storyboard;
			sourceTree = "<group>";
		};
		9B9D8C8E22D61C2200BB99D5 /* Interface.storyboard */ = {
			isa = PBXVariantGroup;
			children = (
				9B9D8C8F22D61C2200BB99D5 /* Base */,
			);
			name = Interface.storyboard;
			sourceTree = "<group>";
		};
/* End PBXVariantGroup section */

/* Begin XCBuildConfiguration section */
		9B9D8CA422D61C2300BB99D5 /* Debug */ = {
			isa = XCBuildConfiguration;
			buildSettings = {
				ALWAYS_SEARCH_USER_PATHS = NO;
				CLANG_ANALYZER_NONNULL = YES;
				CLANG_ANALYZER_NUMBER_OBJECT_CONVERSION = YES_AGGRESSIVE;
				CLANG_CXX_LANGUAGE_STANDARD = "gnu++14";
				CLANG_CXX_LIBRARY = "libc++";
				CLANG_ENABLE_MODULES = YES;
				CLANG_ENABLE_OBJC_ARC = YES;
				CLANG_ENABLE_OBJC_WEAK = YES;
				CLANG_WARN_BLOCK_CAPTURE_AUTORELEASING = YES;
				CLANG_WARN_BOOL_CONVERSION = YES;
				CLANG_WARN_COMMA = YES;
				CLANG_WARN_CONSTANT_CONVERSION = YES;
				CLANG_WARN_DEPRECATED_OBJC_IMPLEMENTATIONS = YES;
				CLANG_WARN_DIRECT_OBJC_ISA_USAGE = YES_ERROR;
				CLANG_WARN_DOCUMENTATION_COMMENTS = YES;
				CLANG_WARN_EMPTY_BODY = YES;
				CLANG_WARN_ENUM_CONVERSION = YES;
				CLANG_WARN_INFINITE_RECURSION = YES;
				CLANG_WARN_INT_CONVERSION = YES;
				CLANG_WARN_NON_LITERAL_NULL_CONVERSION = YES;
				CLANG_WARN_OBJC_IMPLICIT_RETAIN_SELF = YES;
				CLANG_WARN_OBJC_LITERAL_CONVERSION = YES;
				CLANG_WARN_OBJC_ROOT_CLASS = YES_ERROR;
				CLANG_WARN_RANGE_LOOP_ANALYSIS = YES;
				CLANG_WARN_STRICT_PROTOTYPES = YES;
				CLANG_WARN_SUSPICIOUS_MOVE = YES;
				CLANG_WARN_UNGUARDED_AVAILABILITY = YES_AGGRESSIVE;
				CLANG_WARN_UNREACHABLE_CODE = YES;
				CLANG_WARN__DUPLICATE_METHOD_MATCH = YES;
				CODE_SIGN_IDENTITY = "iPhone Developer";
				COPY_PHASE_STRIP = NO;
				DEBUG_INFORMATION_FORMAT = dwarf;
				ENABLE_STRICT_OBJC_MSGSEND = YES;
				ENABLE_TESTABILITY = YES;
				GCC_C_LANGUAGE_STANDARD = gnu11;
				GCC_DYNAMIC_NO_PIC = NO;
				GCC_NO_COMMON_BLOCKS = YES;
				GCC_OPTIMIZATION_LEVEL = 0;
				GCC_PREPROCESSOR_DEFINITIONS = (
					"DEBUG=1",
					"$(inherited)",
				);
				GCC_WARN_64_TO_32_BIT_CONVERSION = YES;
				GCC_WARN_ABOUT_RETURN_TYPE = YES_ERROR;
				GCC_WARN_UNDECLARED_SELECTOR = YES;
				GCC_WARN_UNINITIALIZED_AUTOS = YES_AGGRESSIVE;
				GCC_WARN_UNUSED_FUNCTION = YES;
				GCC_WARN_UNUSED_VARIABLE = YES;
				IPHONEOS_DEPLOYMENT_TARGET = 12.2;
				MTL_ENABLE_DEBUG_INFO = INCLUDE_SOURCE;
				MTL_FAST_MATH = YES;
				ONLY_ACTIVE_ARCH = YES;
				SDKROOT = iphoneos;
				SWIFT_ACTIVE_COMPILATION_CONDITIONS = DEBUG;
				SWIFT_OPTIMIZATION_LEVEL = "-Onone";
			};
			name = Debug;
		};
		9B9D8CA522D61C2300BB99D5 /* Release */ = {
			isa = XCBuildConfiguration;
			buildSettings = {
				ALWAYS_SEARCH_USER_PATHS = NO;
				CLANG_ANALYZER_NONNULL = YES;
				CLANG_ANALYZER_NUMBER_OBJECT_CONVERSION = YES_AGGRESSIVE;
				CLANG_CXX_LANGUAGE_STANDARD = "gnu++14";
				CLANG_CXX_LIBRARY = "libc++";
				CLANG_ENABLE_MODULES = YES;
				CLANG_ENABLE_OBJC_ARC = YES;
				CLANG_ENABLE_OBJC_WEAK = YES;
				CLANG_WARN_BLOCK_CAPTURE_AUTORELEASING = YES;
				CLANG_WARN_BOOL_CONVERSION = YES;
				CLANG_WARN_COMMA = YES;
				CLANG_WARN_CONSTANT_CONVERSION = YES;
				CLANG_WARN_DEPRECATED_OBJC_IMPLEMENTATIONS = YES;
				CLANG_WARN_DIRECT_OBJC_ISA_USAGE = YES_ERROR;
				CLANG_WARN_DOCUMENTATION_COMMENTS = YES;
				CLANG_WARN_EMPTY_BODY = YES;
				CLANG_WARN_ENUM_CONVERSION = YES;
				CLANG_WARN_INFINITE_RECURSION = YES;
				CLANG_WARN_INT_CONVERSION = YES;
				CLANG_WARN_NON_LITERAL_NULL_CONVERSION = YES;
				CLANG_WARN_OBJC_IMPLICIT_RETAIN_SELF = YES;
				CLANG_WARN_OBJC_LITERAL_CONVERSION = YES;
				CLANG_WARN_OBJC_ROOT_CLASS = YES_ERROR;
				CLANG_WARN_RANGE_LOOP_ANALYSIS = YES;
				CLANG_WARN_STRICT_PROTOTYPES = YES;
				CLANG_WARN_SUSPICIOUS_MOVE = YES;
				CLANG_WARN_UNGUARDED_AVAILABILITY = YES_AGGRESSIVE;
				CLANG_WARN_UNREACHABLE_CODE = YES;
				CLANG_WARN__DUPLICATE_METHOD_MATCH = YES;
				CODE_SIGN_IDENTITY = "iPhone Developer";
				COPY_PHASE_STRIP = NO;
				DEBUG_INFORMATION_FORMAT = "dwarf-with-dsym";
				ENABLE_NS_ASSERTIONS = NO;
				ENABLE_STRICT_OBJC_MSGSEND = YES;
				GCC_C_LANGUAGE_STANDARD = gnu11;
				GCC_NO_COMMON_BLOCKS = YES;
				GCC_WARN_64_TO_32_BIT_CONVERSION = YES;
				GCC_WARN_ABOUT_RETURN_TYPE = YES_ERROR;
				GCC_WARN_UNDECLARED_SELECTOR = YES;
				GCC_WARN_UNINITIALIZED_AUTOS = YES_AGGRESSIVE;
				GCC_WARN_UNUSED_FUNCTION = YES;
				GCC_WARN_UNUSED_VARIABLE = YES;
				IPHONEOS_DEPLOYMENT_TARGET = 12.2;
				MTL_ENABLE_DEBUG_INFO = NO;
				MTL_FAST_MATH = YES;
				SDKROOT = iphoneos;
				SWIFT_COMPILATION_MODE = wholemodule;
				SWIFT_OPTIMIZATION_LEVEL = "-O";
				VALIDATE_PRODUCT = YES;
			};
			name = Release;
		};
		9B9D8CA722D61C2300BB99D5 /* Debug */ = {
			isa = XCBuildConfiguration;
			buildSettings = {
				ASSETCATALOG_COMPILER_COMPLICATION_NAME = Complication;
				CODE_SIGN_STYLE = Automatic;
				INFOPLIST_FILE = "SequenceGame WatchKit Extension/Info.plist";
				LD_RUNPATH_SEARCH_PATHS = (
					"$(inherited)",
					"@executable_path/Frameworks",
					"@executable_path/../../Frameworks",
				);
				PRODUCT_BUNDLE_IDENTIFIER = CestarCollege.SequenceGame.watchkitapp.watchkitextension;
				PRODUCT_NAME = "${TARGET_NAME}";
				SDKROOT = watchos;
				SKIP_INSTALL = YES;
				SWIFT_VERSION = 5.0;
				TARGETED_DEVICE_FAMILY = 4;
				WATCHOS_DEPLOYMENT_TARGET = 5.2;
			};
			name = Debug;
		};
		9B9D8CA822D61C2300BB99D5 /* Release */ = {
			isa = XCBuildConfiguration;
			buildSettings = {
				ASSETCATALOG_COMPILER_COMPLICATION_NAME = Complication;
				CODE_SIGN_STYLE = Automatic;
				INFOPLIST_FILE = "SequenceGame WatchKit Extension/Info.plist";
				LD_RUNPATH_SEARCH_PATHS = (
					"$(inherited)",
					"@executable_path/Frameworks",
					"@executable_path/../../Frameworks",
				);
				PRODUCT_BUNDLE_IDENTIFIER = CestarCollege.SequenceGame.watchkitapp.watchkitextension;
				PRODUCT_NAME = "${TARGET_NAME}";
				SDKROOT = watchos;
				SKIP_INSTALL = YES;
				SWIFT_VERSION = 5.0;
				TARGETED_DEVICE_FAMILY = 4;
				WATCHOS_DEPLOYMENT_TARGET = 5.2;
			};
			name = Release;
		};
		9B9D8CAB22D61C2300BB99D5 /* Debug */ = {
			isa = XCBuildConfiguration;
			buildSettings = {
				ALWAYS_EMBED_SWIFT_STANDARD_LIBRARIES = YES;
				ASSETCATALOG_COMPILER_APPICON_NAME = AppIcon;
				CODE_SIGN_STYLE = Automatic;
				IBSC_MODULE = SequenceGame_WatchKit_Extension;
				INFOPLIST_FILE = "SequenceGame WatchKit App/Info.plist";
				PRODUCT_BUNDLE_IDENTIFIER = CestarCollege.SequenceGame.watchkitapp;
				PRODUCT_NAME = "$(TARGET_NAME)";
				SDKROOT = watchos;
				SKIP_INSTALL = YES;
				SWIFT_VERSION = 5.0;
				TARGETED_DEVICE_FAMILY = 4;
				WATCHOS_DEPLOYMENT_TARGET = 5.2;
			};
			name = Debug;
		};
		9B9D8CAC22D61C2300BB99D5 /* Release */ = {
			isa = XCBuildConfiguration;
			buildSettings = {
				ALWAYS_EMBED_SWIFT_STANDARD_LIBRARIES = YES;
				ASSETCATALOG_COMPILER_APPICON_NAME = AppIcon;
				CODE_SIGN_STYLE = Automatic;
				IBSC_MODULE = SequenceGame_WatchKit_Extension;
				INFOPLIST_FILE = "SequenceGame WatchKit App/Info.plist";
				PRODUCT_BUNDLE_IDENTIFIER = CestarCollege.SequenceGame.watchkitapp;
				PRODUCT_NAME = "$(TARGET_NAME)";
				SDKROOT = watchos;
				SKIP_INSTALL = YES;
				SWIFT_VERSION = 5.0;
				TARGETED_DEVICE_FAMILY = 4;
				WATCHOS_DEPLOYMENT_TARGET = 5.2;
			};
			name = Release;
		};
		9B9D8CAF22D61C2300BB99D5 /* Debug */ = {
			isa = XCBuildConfiguration;
			buildSettings = {
				ASSETCATALOG_COMPILER_APPICON_NAME = AppIcon;
				CODE_SIGN_STYLE = Automatic;
				INFOPLIST_FILE = SequenceGame/Info.plist;
				LD_RUNPATH_SEARCH_PATHS = (
					"$(inherited)",
					"@executable_path/Frameworks",
				);
				PRODUCT_BUNDLE_IDENTIFIER = CestarCollege.SequenceGame;
				PRODUCT_NAME = "$(TARGET_NAME)";
				SWIFT_VERSION = 5.0;
				TARGETED_DEVICE_FAMILY = "1,2";
			};
			name = Debug;
		};
		9B9D8CB022D61C2300BB99D5 /* Release */ = {
			isa = XCBuildConfiguration;
			buildSettings = {
				ASSETCATALOG_COMPILER_APPICON_NAME = AppIcon;
				CODE_SIGN_STYLE = Automatic;
				INFOPLIST_FILE = SequenceGame/Info.plist;
				LD_RUNPATH_SEARCH_PATHS = (
					"$(inherited)",
					"@executable_path/Frameworks",
				);
				PRODUCT_BUNDLE_IDENTIFIER = CestarCollege.SequenceGame;
				PRODUCT_NAME = "$(TARGET_NAME)";
				SWIFT_VERSION = 5.0;
				TARGETED_DEVICE_FAMILY = "1,2";
			};
			name = Release;
		};
/* End XCBuildConfiguration section */

/* Begin XCConfigurationList section */
		9B9D8C7222D61C2000BB99D5 /* Build configuration list for PBXProject "SequenceGame" */ = {
			isa = XCConfigurationList;
			buildConfigurations = (
				9B9D8CA422D61C2300BB99D5 /* Debug */,
				9B9D8CA522D61C2300BB99D5 /* Release */,
			);
			defaultConfigurationIsVisible = 0;
			defaultConfigurationName = Release;
		};
		9B9D8CA622D61C2300BB99D5 /* Build configuration list for PBXNativeTarget "SequenceGame WatchKit Extension" */ = {
			isa = XCConfigurationList;
			buildConfigurations = (
				9B9D8CA722D61C2300BB99D5 /* Debug */,
				9B9D8CA822D61C2300BB99D5 /* Release */,
			);
			defaultConfigurationIsVisible = 0;
			defaultConfigurationName = Release;
		};
		9B9D8CAA22D61C2300BB99D5 /* Build configuration list for PBXNativeTarget "SequenceGame WatchKit App" */ = {
			isa = XCConfigurationList;
			buildConfigurations = (
				9B9D8CAB22D61C2300BB99D5 /* Debug */,
				9B9D8CAC22D61C2300BB99D5 /* Release */,
			);
			defaultConfigurationIsVisible = 0;
			defaultConfigurationName = Release;
		};
		9B9D8CAE22D61C2300BB99D5 /* Build configuration list for PBXNativeTarget "SequenceGame" */ = {
			isa = XCConfigurationList;
			buildConfigurations = (
				9B9D8CAF22D61C2300BB99D5 /* Debug */,
				9B9D8CB022D61C2300BB99D5 /* Release */,
			);
			defaultConfigurationIsVisible = 0;
			defaultConfigurationName = Release;
		};
/* End XCConfigurationList section */
	};
	rootObject = 9B9D8C6F22D61C2000BB99D5 /* Project object */;
}
